
Microsoft Visual Studio Solution File, Format Version 12.00
# Visual Studio Version 17
VisualStudioVersion = 17.0.31903.59
MinimumVisualStudioVersion = 10.0.40219.1
Project("{9A19103F-16F7-4668-BE54-9A1E7A4F7556}") = "ce103-hw5-snake-dll", "ce103-hw5-snake-dll\ce103-hw5-snake-dll.csproj", "{5CE4B86D-EE65-4CCB-A86D-3AC30AD90B31}"
EndProject
Project("{9A19103F-16F7-4668-BE54-9A1E7A4F7556}") = "ce103-hw5-snake-app", "ce103-hw5-snake-app\ce103-hw5-snake-app.csproj", "{DF6B0637-2F5E-4F75-8A3E-C4D679EE6CB4}"
EndProject
Project("{FAE04EC0-301F-11D3-BF4B-00C04F79EFBC}") = "ce103-hw5-snake-test", "ce103-hw5-snake-test\ce103-hw5-snake-test.csproj", "{AC355663-E468-43BF-BBC8-EFAA93D42F8F}"
EndProject
Global
	GlobalSection(SolutionConfigurationPlatforms) = preSolution
		Debug|Any CPU = Debug|Any CPU
		Release|Any CPU = Release|Any CPU
	EndGlobalSection
	GlobalSection(ProjectConfigurationPlatforms) = postSolution
		{5CE4B86D-EE65-4CCB-A86D-3AC30AD90B31}.Debug|Any CPU.ActiveCfg = Debug|Any CPU
		{5CE4B86D-EE65-4CCB-A86D-3AC30AD90B31}.Debug|Any CPU.Build.0 = Debug|Any CPU
		{5CE4B86D-EE65-4CCB-A86D-3AC30AD90B31}.Release|Any CPU.ActiveCfg = Release|Any CPU
		{5CE4B86D-EE65-4CCB-A86D-3AC30AD90B31}.Release|Any CPU.Build.0 = Release|Any CPU
		{DF6B0637-2F5E-4F75-8A3E-C4D679EE6CB4}.Debug|Any CPU.ActiveCfg = Debug|Any CPU
		{DF6B0637-2F5E-4F75-8A3E-C4D679EE6CB4}.Debug|Any CPU.Build.0 = Debug|Any CPU
		{DF6B0637-2F5E-4F75-8A3E-C4D679EE6CB4}.Release|Any CPU.ActiveCfg = Release|Any CPU
		{DF6B0637-2F5E-4F75-8A3E-C4D679EE6CB4}.Release|Any CPU.Build.0 = Release|Any CPU
		{AC355663-E468-43BF-BBC8-EFAA93D42F8F}.Debug|Any CPU.ActiveCfg = Debug|Any CPU
		{AC355663-E468-43BF-BBC8-EFAA93D42F8F}.Debug|Any CPU.Build.0 = Debug|Any CPU
		{AC355663-E468-43BF-BBC8-EFAA93D42F8F}.Release|Any CPU.ActiveCfg = Release|Any CPU
		{AC355663-E468-43BF-BBC8-EFAA93D42F8F}.Release|Any CPU.Build.0 = Release|Any CPU
	EndGlobalSection
	GlobalSection(SolutionProperties) = preSolution
		HideSolutionNode = FALSE
	EndGlobalSection
	GlobalSection(ExtensibilityGlobals) = postSolution
		SolutionGuid = {2F75E2F9-BE85-4F1D-8A84-11C62389BF10}
	EndGlobalSection
EndGlobal
